
Microsoft Visual Studio Solution File, Format Version 12.00
# Visual Studio Version 16
Project("{8BC9CEB8-8B4A-11D0-8D11-00A0C91BC942}") = "ALL_BUILD", "ALL_BUILD.vcxproj", "{B3B53A7C-51AB-3663-8089-1BBF193D7E7C}"
	ProjectSection(ProjectDependencies) = postProject
		{7D204B0E-B117-3979-8109-16212490DCC6} = {7D204B0E-B117-3979-8109-16212490DCC6}
		{2665A03A-C653-34CC-A966-55273A452D31} = {2665A03A-C653-34CC-A966-55273A452D31}
		{2885D34E-E7A7-353B-8667-F78875BCA01B} = {2885D34E-E7A7-353B-8667-F78875BCA01B}
		{7D3DE337-39BE-3751-A5ED-9AA4A59832D4} = {7D3DE337-39BE-3751-A5ED-9AA4A59832D4}
		{87EB11B8-49F5-3FB4-8F50-00353C117046} = {87EB11B8-49F5-3FB4-8F50-00353C117046}
		{7D3DEA22-814F-39D7-9F71-3B55A5FF3F92} = {7D3DEA22-814F-39D7-9F71-3B55A5FF3F92}
		{529094E2-86A5-3405-AB40-27670899BF6D} = {529094E2-86A5-3405-AB40-27670899BF6D}
		{325D0280-BCF6-3BEE-BBBA-84B24F78225D} = {325D0280-BCF6-3BEE-BBBA-84B24F78225D}
		{9F7E7B43-345C-3D36-A08A-83D977C0B39A} = {9F7E7B43-345C-3D36-A08A-83D977C0B39A}
		{52655AF3-AAD2-369D-9D09-F01E6B3655DE} = {52655AF3-AAD2-369D-9D09-F01E6B3655DE}
		{14155E58-CB24-3562-BA99-8547EF1ED3B9} = {14155E58-CB24-3562-BA99-8547EF1ED3B9}
	EndProjectSection
EndProject
Project("{8BC9CEB8-8B4A-11D0-8D11-00A0C91BC942}") = "INSTALL", "INSTALL.vcxproj", "{25F264D3-E14C-3E03-861F-990D5E9AC851}"
	ProjectSection(ProjectDependencies) = postProject
		{B3B53A7C-51AB-3663-8089-1BBF193D7E7C} = {B3B53A7C-51AB-3663-8089-1BBF193D7E7C}
		{7D204B0E-B117-3979-8109-16212490DCC6} = {7D204B0E-B117-3979-8109-16212490DCC6}
	EndProjectSection
EndProject
Project("{8BC9CEB8-8B4A-11D0-8D11-00A0C91BC942}") = "ZERO_CHECK", "ZERO_CHECK.vcxproj", "{7D204B0E-B117-3979-8109-16212490DCC6}"
	ProjectSection(ProjectDependencies) = postProject
	EndProjectSection
EndProject
Project("{8BC9CEB8-8B4A-11D0-8D11-00A0C91BC942}") = "check", "check.vcxproj", "{E5EFD443-2B3E-3AC6-9A51-1BE9146A9569}"
	ProjectSection(ProjectDependencies) = postProject
		{7D204B0E-B117-3979-8109-16212490DCC6} = {7D204B0E-B117-3979-8109-16212490DCC6}
		{52655AF3-AAD2-369D-9D09-F01E6B3655DE} = {52655AF3-AAD2-369D-9D09-F01E6B3655DE}
		{14155E58-CB24-3562-BA99-8547EF1ED3B9} = {14155E58-CB24-3562-BA99-8547EF1ED3B9}
	EndProjectSection
EndProject
Project("{8BC9CEB8-8B4A-11D0-8D11-00A0C91BC942}") = "gmock", "gmock.vcxproj", "{2665A03A-C653-34CC-A966-55273A452D31}"
	ProjectSection(ProjectDependencies) = postProject
		{7D204B0E-B117-3979-8109-16212490DCC6} = {7D204B0E-B117-3979-8109-16212490DCC6}
	EndProjectSection
EndProject
Project("{8BC9CEB8-8B4A-11D0-8D11-00A0C91BC942}") = "gmock_main", "gmock_main.vcxproj", "{2885D34E-E7A7-353B-8667-F78875BCA01B}"
	ProjectSection(ProjectDependencies) = postProject
		{7D204B0E-B117-3979-8109-16212490DCC6} = {7D204B0E-B117-3979-8109-16212490DCC6}
		{2665A03A-C653-34CC-A966-55273A452D31} = {2665A03A-C653-34CC-A966-55273A452D31}
	EndProjectSection
EndProject
Project("{8BC9CEB8-8B4A-11D0-8D11-00A0C91BC942}") = "libprotobuf", "libprotobuf.vcxproj", "{7D3DE337-39BE-3751-A5ED-9AA4A59832D4}"
	ProjectSection(ProjectDependencies) = postProject
		{7D204B0E-B117-3979-8109-16212490DCC6} = {7D204B0E-B117-3979-8109-16212490DCC6}
	EndProjectSection
EndProject
Project("{8BC9CEB8-8B4A-11D0-8D11-00A0C91BC942}") = "libprotobuf-lite", "libprotobuf-lite.vcxproj", "{87EB11B8-49F5-3FB4-8F50-00353C117046}"
	ProjectSection(ProjectDependencies) = postProject
		{7D204B0E-B117-3979-8109-16212490DCC6} = {7D204B0E-B117-3979-8109-16212490DCC6}
	EndProjectSection
EndProject
Project("{8BC9CEB8-8B4A-11D0-8D11-00A0C91BC942}") = "libprotoc", "libprotoc.vcxproj", "{7D3DEA22-814F-39D7-9F71-3B55A5FF3F92}"
	ProjectSection(ProjectDependencies) = postProject
		{7D204B0E-B117-3979-8109-16212490DCC6} = {7D204B0E-B117-3979-8109-16212490DCC6}
		{7D3DE337-39BE-3751-A5ED-9AA4A59832D4} = {7D3DE337-39BE-3751-A5ED-9AA4A59832D4}
	EndProjectSection
EndProject
Project("{8BC9CEB8-8B4A-11D0-8D11-00A0C91BC942}") = "lite-arena-test", "lite-arena-test.vcxproj", "{529094E2-86A5-3405-AB40-27670899BF6D}"
	ProjectSection(ProjectDependencies) = postProject
		{7D204B0E-B117-3979-8109-16212490DCC6} = {7D204B0E-B117-3979-8109-16212490DCC6}
		{2665A03A-C653-34CC-A966-55273A452D31} = {2665A03A-C653-34CC-A966-55273A452D31}
		{2885D34E-E7A7-353B-8667-F78875BCA01B} = {2885D34E-E7A7-353B-8667-F78875BCA01B}
		{87EB11B8-49F5-3FB4-8F50-00353C117046} = {87EB11B8-49F5-3FB4-8F50-00353C117046}
		{9F7E7B43-345C-3D36-A08A-83D977C0B39A} = {9F7E7B43-345C-3D36-A08A-83D977C0B39A}
	EndProjectSection
EndProject
Project("{8BC9CEB8-8B4A-11D0-8D11-00A0C91BC942}") = "lite-test", "lite-test.vcxproj", "{325D0280-BCF6-3BEE-BBBA-84B24F78225D}"
	ProjectSection(ProjectDependencies) = postProject
		{7D204B0E-B117-3979-8109-16212490DCC6} = {7D204B0E-B117-3979-8109-16212490DCC6}
		{2665A03A-C653-34CC-A966-55273A452D31} = {2665A03A-C653-34CC-A966-55273A452D31}
		{2885D34E-E7A7-353B-8667-F78875BCA01B} = {2885D34E-E7A7-353B-8667-F78875BCA01B}
		{87EB11B8-49F5-3FB4-8F50-00353C117046} = {87EB11B8-49F5-3FB4-8F50-00353C117046}
		{9F7E7B43-345C-3D36-A08A-83D977C0B39A} = {9F7E7B43-345C-3D36-A08A-83D977C0B39A}
	EndProjectSection
EndProject
Project("{8BC9CEB8-8B4A-11D0-8D11-00A0C91BC942}") = "protoc", "protoc.vcxproj", "{9F7E7B43-345C-3D36-A08A-83D977C0B39A}"
	ProjectSection(ProjectDependencies) = postProject
		{7D204B0E-B117-3979-8109-16212490DCC6} = {7D204B0E-B117-3979-8109-16212490DCC6}
		{7D3DE337-39BE-3751-A5ED-9AA4A59832D4} = {7D3DE337-39BE-3751-A5ED-9AA4A59832D4}
		{7D3DEA22-814F-39D7-9F71-3B55A5FF3F92} = {7D3DEA22-814F-39D7-9F71-3B55A5FF3F92}
	EndProjectSection
EndProject
Project("{8BC9CEB8-8B4A-11D0-8D11-00A0C91BC942}") = "test_plugin", "test_plugin.vcxproj", "{52655AF3-AAD2-369D-9D09-F01E6B3655DE}"
	ProjectSection(ProjectDependencies) = postProject
		{7D204B0E-B117-3979-8109-16212490DCC6} = {7D204B0E-B117-3979-8109-16212490DCC6}
		{2665A03A-C653-34CC-A966-55273A452D31} = {2665A03A-C653-34CC-A966-55273A452D31}
		{7D3DE337-39BE-3751-A5ED-9AA4A59832D4} = {7D3DE337-39BE-3751-A5ED-9AA4A59832D4}
		{7D3DEA22-814F-39D7-9F71-3B55A5FF3F92} = {7D3DEA22-814F-39D7-9F71-3B55A5FF3F92}
	EndProjectSection
EndProject
Project("{8BC9CEB8-8B4A-11D0-8D11-00A0C91BC942}") = "tests", "tests.vcxproj", "{14155E58-CB24-3562-BA99-8547EF1ED3B9}"
	ProjectSection(ProjectDependencies) = postProject
		{7D204B0E-B117-3979-8109-16212490DCC6} = {7D204B0E-B117-3979-8109-16212490DCC6}
		{2665A03A-C653-34CC-A966-55273A452D31} = {2665A03A-C653-34CC-A966-55273A452D31}
		{2885D34E-E7A7-353B-8667-F78875BCA01B} = {2885D34E-E7A7-353B-8667-F78875BCA01B}
		{7D3DE337-39BE-3751-A5ED-9AA4A59832D4} = {7D3DE337-39BE-3751-A5ED-9AA4A59832D4}
		{7D3DEA22-814F-39D7-9F71-3B55A5FF3F92} = {7D3DEA22-814F-39D7-9F71-3B55A5FF3F92}
		{9F7E7B43-345C-3D36-A08A-83D977C0B39A} = {9F7E7B43-345C-3D36-A08A-83D977C0B39A}
	EndProjectSection
EndProject
Global
	GlobalSection(SolutionConfigurationPlatforms) = preSolution
		Debug|x64 = Debug|x64
		Release|x64 = Release|x64
		MinSizeRel|x64 = MinSizeRel|x64
		RelWithDebInfo|x64 = RelWithDebInfo|x64
	EndGlobalSection
	GlobalSection(ProjectConfigurationPlatforms) = postSolution
		{B3B53A7C-51AB-3663-8089-1BBF193D7E7C}.Debug|x64.ActiveCfg = Debug|x64
		{B3B53A7C-51AB-3663-8089-1BBF193D7E7C}.Debug|x64.Build.0 = Debug|x64
		{B3B53A7C-51AB-3663-8089-1BBF193D7E7C}.Release|x64.ActiveCfg = Release|x64
		{B3B53A7C-51AB-3663-8089-1BBF193D7E7C}.Release|x64.Build.0 = Release|x64
		{B3B53A7C-51AB-3663-8089-1BBF193D7E7C}.MinSizeRel|x64.ActiveCfg = MinSizeRel|x64
		{B3B53A7C-51AB-3663-8089-1BBF193D7E7C}.MinSizeRel|x64.Build.0 = MinSizeRel|x64
		{B3B53A7C-51AB-3663-8089-1BBF193D7E7C}.RelWithDebInfo|x64.ActiveCfg = RelWithDebInfo|x64
		{B3B53A7C-51AB-3663-8089-1BBF193D7E7C}.RelWithDebInfo|x64.Build.0 = RelWithDebInfo|x64
		{25F264D3-E14C-3E03-861F-990D5E9AC851}.Debug|x64.ActiveCfg = Debug|x64
		{25F264D3-E14C-3E03-861F-990D5E9AC851}.Release|x64.ActiveCfg = Release|x64
		{25F264D3-E14C-3E03-861F-990D5E9AC851}.MinSizeRel|x64.ActiveCfg = MinSizeRel|x64
		{25F264D3-E14C-3E03-861F-990D5E9AC851}.RelWithDebInfo|x64.ActiveCfg = RelWithDebInfo|x64
		{7D204B0E-B117-3979-8109-16212490DCC6}.Debug|x64.ActiveCfg = Debug|x64
		{7D204B0E-B117-3979-8109-16212490DCC6}.Debug|x64.Build.0 = Debug|x64
		{7D204B0E-B117-3979-8109-16212490DCC6}.Release|x64.ActiveCfg = Release|x64
		{7D204B0E-B117-3979-8109-16212490DCC6}.Release|x64.Build.0 = Release|x64
		{7D204B0E-B117-3979-8109-16212490DCC6}.MinSizeRel|x64.ActiveCfg = MinSizeRel|x64
		{7D204B0E-B117-3979-8109-16212490DCC6}.MinSizeRel|x64.Build.0 = MinSizeRel|x64
		{7D204B0E-B117-3979-8109-16212490DCC6}.RelWithDebInfo|x64.ActiveCfg = RelWithDebInfo|x64
		{7D204B0E-B117-3979-8109-16212490DCC6}.RelWithDebInfo|x64.Build.0 = RelWithDebInfo|x64
		{E5EFD443-2B3E-3AC6-9A51-1BE9146A9569}.Debug|x64.ActiveCfg = Debug|x64
		{E5EFD443-2B3E-3AC6-9A51-1BE9146A9569}.Release|x64.ActiveCfg = Release|x64
		{E5EFD443-2B3E-3AC6-9A51-1BE9146A9569}.MinSizeRel|x64.ActiveCfg = MinSizeRel|x64
		{E5EFD443-2B3E-3AC6-9A51-1BE9146A9569}.RelWithDebInfo|x64.ActiveCfg = RelWithDebInfo|x64
		{2665A03A-C653-34CC-A966-55273A452D31}.Debug|x64.ActiveCfg = Debug|x64
		{2665A03A-C653-34CC-A966-55273A452D31}.Debug|x64.Build.0 = Debug|x64
		{2665A03A-C653-34CC-A966-55273A452D31}.Release|x64.ActiveCfg = Release|x64
		{2665A03A-C653-34CC-A966-55273A452D31}.Release|x64.Build.0 = Release|x64
		{2665A03A-C653-34CC-A966-55273A452D31}.MinSizeRel|x64.ActiveCfg = MinSizeRel|x64
		{2665A03A-C653-34CC-A966-55273A452D31}.MinSizeRel|x64.Build.0 = MinSizeRel|x64
		{2665A03A-C653-34CC-A966-55273A452D31}.RelWithDebInfo|x64.ActiveCfg = RelWithDebInfo|x64
		{2665A03A-C653-34CC-A966-55273A452D31}.RelWithDebInfo|x64.Build.0 = RelWithDebInfo|x64
		{2885D34E-E7A7-353B-8667-F78875BCA01B}.Debug|x64.ActiveCfg = Debug|x64
		{2885D34E-E7A7-353B-8667-F78875BCA01B}.Debug|x64.Build.0 = Debug|x64
		{2885D34E-E7A7-353B-8667-F78875BCA01B}.Release|x64.ActiveCfg = Release|x64
		{2885D34E-E7A7-353B-8667-F78875BCA01B}.Release|x64.Build.0 = Release|x64
		{2885D34E-E7A7-353B-8667-F78875BCA01B}.MinSizeRel|x64.ActiveCfg = MinSizeRel|x64
		{2885D34E-E7A7-353B-8667-F78875BCA01B}.MinSizeRel|x64.Build.0 = MinSizeRel|x64
		{2885D34E-E7A7-353B-8667-F78875BCA01B}.RelWithDebInfo|x64.ActiveCfg = RelWithDebInfo|x64
		{2885D34E-E7A7-353B-8667-F78875BCA01B}.RelWithDebInfo|x64.Build.0 = RelWithDebInfo|x64
		{7D3DE337-39BE-3751-A5ED-9AA4A59832D4}.Debug|x64.ActiveCfg = Debug|x64
		{7D3DE337-39BE-3751-A5ED-9AA4A59832D4}.Debug|x64.Build.0 = Debug|x64
		{7D3DE337-39BE-3751-A5ED-9AA4A59832D4}.Release|x64.ActiveCfg = Release|x64
		{7D3DE337-39BE-3751-A5ED-9AA4A59832D4}.Release|x64.Build.0 = Release|x64
		{7D3DE337-39BE-3751-A5ED-9AA4A59832D4}.MinSizeRel|x64.ActiveCfg = MinSizeRel|x64
		{7D3DE337-39BE-3751-A5ED-9AA4A59832D4}.MinSizeRel|x64.Build.0 = MinSizeRel|x64
		{7D3DE337-39BE-3751-A5ED-9AA4A59832D4}.RelWithDebInfo|x64.ActiveCfg = RelWithDebInfo|x64
		{7D3DE337-39BE-3751-A5ED-9AA4A59832D4}.RelWithDebInfo|x64.Build.0 = RelWithDebInfo|x64
		{87EB11B8-49F5-3FB4-8F50-00353C117046}.Debug|x64.ActiveCfg = Debug|x64
		{87EB11B8-49F5-3FB4-8F50-00353C117046}.Debug|x64.Build.0 = Debug|x64
		{87EB11B8-49F5-3FB4-8F50-00353C117046}.Release|x64.ActiveCfg = Release|x64
		{87EB11B8-49F5-3FB4-8F50-00353C117046}.Release|x64.Build.0 = Release|x64
		{87EB11B8-49F5-3FB4-8F50-00353C117046}.MinSizeRel|x64.ActiveCfg = MinSizeRel|x64
		{87EB11B8-49F5-3FB4-8F50-00353C117046}.MinSizeRel|x64.Build.0 = MinSizeRel|x64
		{87EB11B8-49F5-3FB4-8F50-00353C117046}.RelWithDebInfo|x64.ActiveCfg = RelWithDebInfo|x64
		{87EB11B8-49F5-3FB4-8F50-00353C117046}.RelWithDebInfo|x64.Build.0 = RelWithDebInfo|x64
		{7D3DEA22-814F-39D7-9F71-3B55A5FF3F92}.Debug|x64.ActiveCfg = Debug|x64
		{7D3DEA22-814F-39D7-9F71-3B55A5FF3F92}.Debug|x64.Build.0 = Debug|x64
		{7D3DEA22-814F-39D7-9F71-3B55A5FF3F92}.Release|x64.ActiveCfg = Release|x64
		{7D3DEA22-814F-39D7-9F71-3B55A5FF3F92}.Release|x64.Build.0 = Release|x64
		{7D3DEA22-814F-39D7-9F71-3B55A5FF3F92}.MinSizeRel|x64.ActiveCfg = MinSizeRel|x64
		{7D3DEA22-814F-39D7-9F71-3B55A5FF3F92}.MinSizeRel|x64.Build.0 = MinSizeRel|x64
		{7D3DEA22-814F-39D7-9F71-3B55A5FF3F92}.RelWithDebInfo|x64.ActiveCfg = RelWithDebInfo|x64
		{7D3DEA22-814F-39D7-9F71-3B55A5FF3F92}.RelWithDebInfo|x64.Build.0 = RelWithDebInfo|x64
		{529094E2-86A5-3405-AB40-27670899BF6D}.Debug|x64.ActiveCfg = Debug|x64
		{529094E2-86A5-3405-AB40-27670899BF6D}.Debug|x64.Build.0 = Debug|x64
		{529094E2-86A5-3405-AB40-27670899BF6D}.Release|x64.ActiveCfg = Release|x64
		{529094E2-86A5-3405-AB40-27670899BF6D}.Release|x64.Build.0 = Release|x64
		{529094E2-86A5-3405-AB40-27670899BF6D}.MinSizeRel|x64.ActiveCfg = MinSizeRel|x64
		{529094E2-86A5-3405-AB40-27670899BF6D}.MinSizeRel|x64.Build.0 = MinSizeRel|x64
		{529094E2-86A5-3405-AB40-27670899BF6D}.RelWithDebInfo|x64.ActiveCfg = RelWithDebInfo|x64
		{529094E2-86A5-3405-AB40-27670899BF6D}.RelWithDebInfo|x64.Build.0 = RelWithDebInfo|x64
		{325D0280-BCF6-3BEE-BBBA-84B24F78225D}.Debug|x64.ActiveCfg = Debug|x64
		{325D0280-BCF6-3BEE-BBBA-84B24F78225D}.Debug|x64.Build.0 = Debug|x64
		{325D0280-BCF6-3BEE-BBBA-84B24F78225D}.Release|x64.ActiveCfg = Release|x64
		{325D0280-BCF6-3BEE-BBBA-84B24F78225D}.Release|x64.Build.0 = Release|x64
		{325D0280-BCF6-3BEE-BBBA-84B24F78225D}.MinSizeRel|x64.ActiveCfg = MinSizeRel|x64
		{325D0280-BCF6-3BEE-BBBA-84B24F78225D}.MinSizeRel|x64.Build.0 = MinSizeRel|x64
		{325D0280-BCF6-3BEE-BBBA-84B24F78225D}.RelWithDebInfo|x64.ActiveCfg = RelWithDebInfo|x64
		{325D0280-BCF6-3BEE-BBBA-84B24F78225D}.RelWithDebInfo|x64.Build.0 = RelWithDebInfo|x64
		{9F7E7B43-345C-3D36-A08A-83D977C0B39A}.Debug|x64.ActiveCfg = Debug|x64
		{9F7E7B43-345C-3D36-A08A-83D977C0B39A}.Debug|x64.Build.0 = Debug|x64
		{9F7E7B43-345C-3D36-A08A-83D977C0B39A}.Release|x64.ActiveCfg = Release|x64
		{9F7E7B43-345C-3D36-A08A-83D977C0B39A}.Release|x64.Build.0 = Release|x64
		{9F7E7B43-345C-3D36-A08A-83D977C0B39A}.MinSizeRel|x64.ActiveCfg = MinSizeRel|x64
		{9F7E7B43-345C-3D36-A08A-83D977C0B39A}.MinSizeRel|x64.Build.0 = MinSizeRel|x64
		{9F7E7B43-345C-3D36-A08A-83D977C0B39A}.RelWithDebInfo|x64.ActiveCfg = RelWithDebInfo|x64
		{9F7E7B43-345C-3D36-A08A-83D977C0B39A}.RelWithDebInfo|x64.Build.0 = RelWithDebInfo|x64
		{52655AF3-AAD2-369D-9D09-F01E6B3655DE}.Debug|x64.ActiveCfg = Debug|x64
		{52655AF3-AAD2-369D-9D09-F01E6B3655DE}.Debug|x64.Build.0 = Debug|x64
		{52655AF3-AAD2-369D-9D09-F01E6B3655DE}.Release|x64.ActiveCfg = Release|x64
		{52655AF3-AAD2-369D-9D09-F01E6B3655DE}.Release|x64.Build.0 = Release|x64
		{52655AF3-AAD2-369D-9D09-F01E6B3655DE}.MinSizeRel|x64.ActiveCfg = MinSizeRel|x64
		{52655AF3-AAD2-369D-9D09-F01E6B3655DE}.MinSizeRel|x64.Build.0 = MinSizeRel|x64
		{52655AF3-AAD2-369D-9D09-F01E6B3655DE}.RelWithDebInfo|x64.ActiveCfg = RelWithDebInfo|x64
		{52655AF3-AAD2-369D-9D09-F01E6B3655DE}.RelWithDebInfo|x64.Build.0 = RelWithDebInfo|x64
		{14155E58-CB24-3562-BA99-8547EF1ED3B9}.Debug|x64.ActiveCfg = Debug|x64
		{14155E58-CB24-3562-BA99-8547EF1ED3B9}.Debug|x64.Build.0 = Debug|x64
		{14155E58-CB24-3562-BA99-8547EF1ED3B9}.Release|x64.ActiveCfg = Release|x64
		{14155E58-CB24-3562-BA99-8547EF1ED3B9}.Release|x64.Build.0 = Release|x64
		{14155E58-CB24-3562-BA99-8547EF1ED3B9}.MinSizeRel|x64.ActiveCfg = MinSizeRel|x64
		{14155E58-CB24-3562-BA99-8547EF1ED3B9}.MinSizeRel|x64.Build.0 = MinSizeRel|x64
		{14155E58-CB24-3562-BA99-8547EF1ED3B9}.RelWithDebInfo|x64.ActiveCfg = RelWithDebInfo|x64
		{14155E58-CB24-3562-BA99-8547EF1ED3B9}.RelWithDebInfo|x64.Build.0 = RelWithDebInfo|x64
	EndGlobalSection
	GlobalSection(ExtensibilityGlobals) = postSolution
		SolutionGuid = {1FCED048-EA4C-3FBA-9C4B-64A999F5FDDB}
	EndGlobalSection
	GlobalSection(ExtensibilityAddIns) = postSolution
	EndGlobalSection
EndGlobal
